
Microsoft Visual Studio Solution File, Format Version 12.00
# Visual Studio Version 16
VisualStudioVersion = 16.0.31410.357
MinimumVisualStudioVersion = 10.0.40219.1
Project("{9A19103F-16F7-4668-BE54-9A1E7A4F7556}") = "Stupify", "Stupify\Stupify.csproj", "{053A6BA3-35AA-4354-8983-7AC50DC53D5D}"
EndProject
Project("{FAE04EC0-301F-11D3-BF4B-00C04F79EFBC}") = "StupifyTest", "StupifyTest\StupifyTest.csproj", "{0866B4B8-6E85-4ED8-AE2F-CCB4D537D08E}"
EndProject
Global
	GlobalSection(SolutionConfigurationPlatforms) = preSolution
		Debug|Any CPU = Debug|Any CPU
		Release|Any CPU = Release|Any CPU
	EndGlobalSection
	GlobalSection(ProjectConfigurationPlatforms) = postSolution
		{053A6BA3-35AA-4354-8983-7AC50DC53D5D}.Debug|Any CPU.ActiveCfg = Debug|Any CPU
		{053A6BA3-35AA-4354-8983-7AC50DC53D5D}.Debug|Any CPU.Build.0 = Debug|Any CPU
		{053A6BA3-35AA-4354-8983-7AC50DC53D5D}.Release|Any CPU.ActiveCfg = Release|Any CPU
		{053A6BA3-35AA-4354-8983-7AC50DC53D5D}.Release|Any CPU.Build.0 = Release|Any CPU
		{0866B4B8-6E85-4ED8-AE2F-CCB4D537D08E}.Debug|Any CPU.ActiveCfg = Debug|Any CPU
		{0866B4B8-6E85-4ED8-AE2F-CCB4D537D08E}.Debug|Any CPU.Build.0 = Debug|Any CPU
		{0866B4B8-6E85-4ED8-AE2F-CCB4D537D08E}.Release|Any CPU.ActiveCfg = Release|Any CPU
		{0866B4B8-6E85-4ED8-AE2F-CCB4D537D08E}.Release|Any CPU.Build.0 = Release|Any CPU
	EndGlobalSection
	GlobalSection(SolutionProperties) = preSolution
		HideSolutionNode = FALSE
	EndGlobalSection
	GlobalSection(ExtensibilityGlobals) = postSolution
		SolutionGuid = {4B306AE9-ECFB-4A17-AAAC-59E7117D9468}
	EndGlobalSection
EndGlobal
